// !$*UTF8*$!
{
	archiveVersion = 1;
	classes = {
	};
	objectVersion = 46;
	objects = {

/* Begin PBXBuildFile section */
		83395DDF1D7DAB4500D5A792 /* Meal.swift in Sources */ = {isa = PBXBuildFile; fileRef = 83395DDE1D7DAB4500D5A792 /* Meal.swift */; };
		83395DE01D7DAB4500D5A792 /* Meal.swift in Sources */ = {isa = PBXBuildFile; fileRef = 83395DDE1D7DAB4500D5A792 /* Meal.swift */; };
		83395DE21D7DAC9700D5A792 /* FoodTrackerTests.swift in Sources */ = {isa = PBXBuildFile; fileRef = 83395DE11D7DAC9700D5A792 /* FoodTrackerTests.swift */; };
		833A3BF91D75D4270071B992 /* AppDelegate.swift in Sources */ = {isa = PBXBuildFile; fileRef = 833A3BF81D75D4270071B992 /* AppDelegate.swift */; };
		833A3BFB1D75D4270071B992 /* ViewController.swift in Sources */ = {isa = PBXBuildFile; fileRef = 833A3BFA1D75D4270071B992 /* ViewController.swift */; };
		833A3BFE1D75D4270071B992 /* Main.storyboard in Resources */ = {isa = PBXBuildFile; fileRef = 833A3BFC1D75D4270071B992 /* Main.storyboard */; };
		833A3C031D75D4270071B992 /* LaunchScreen.storyboard in Resources */ = {isa = PBXBuildFile; fileRef = 833A3C011D75D4270071B992 /* LaunchScreen.storyboard */; };
		833FB1A61D784EB800A83F53 /* Assets.xcassets in Resources */ = {isa = PBXBuildFile; fileRef = 833FB1A51D784EB800A83F53 /* Assets.xcassets */; };
		833FB1A81D787CD700A83F53 /* RatingControl.swift in Sources */ = {isa = PBXBuildFile; fileRef = 833FB1A71D787CD700A83F53 /* RatingControl.swift */; };
/* End PBXBuildFile section */

/* Begin PBXContainerItemProxy section */
		833A3C0A1D75D4280071B992 /* PBXContainerItemProxy */ = {
			isa = PBXContainerItemProxy;
			containerPortal = 833A3BED1D75D4270071B992 /* Project object */;
			proxyType = 1;
			remoteGlobalIDString = 833A3BF41D75D4270071B992;
			remoteInfo = FoodTracker;
		};
/* End PBXContainerItemProxy section */

/* Begin PBXFileReference section */
		83395DDE1D7DAB4500D5A792 /* Meal.swift */ = {isa = PBXFileReference; fileEncoding = 4; lastKnownFileType = sourcecode.swift; path = Meal.swift; sourceTree = "<group>"; };
		83395DE11D7DAC9700D5A792 /* FoodTrackerTests.swift */ = {isa = PBXFileReference; fileEncoding = 4; lastKnownFileType = sourcecode.swift; path = FoodTrackerTests.swift; sourceTree = "<group>"; };
		833A3BF51D75D4270071B992 /* FoodTracker.app */ = {isa = PBXFileReference; explicitFileType = wrapper.application; includeInIndex = 0; path = FoodTracker.app; sourceTree = BUILT_PRODUCTS_DIR; };
		833A3BF81D75D4270071B992 /* AppDelegate.swift */ = {isa = PBXFileReference; lastKnownFileType = sourcecode.swift; path = AppDelegate.swift; sourceTree = "<group>"; };
		833A3BFA1D75D4270071B992 /* ViewController.swift */ = {isa = PBXFileReference; lastKnownFileType = sourcecode.swift; path = ViewController.swift; sourceTree = "<group>"; };
		833A3BFD1D75D4270071B992 /* Base */ = {isa = PBXFileReference; lastKnownFileType = file.storyboard; name = Base; path = Base.lproj/Main.storyboard; sourceTree = "<group>"; };
		833A3C021D75D4270071B992 /* Base */ = {isa = PBXFileReference; lastKnownFileType = file.storyboard; name = Base; path = Base.lproj/LaunchScreen.storyboard; sourceTree = "<group>"; };
		833A3C041D75D4270071B992 /* Info.plist */ = {isa = PBXFileReference; lastKnownFileType = text.plist.xml; path = Info.plist; sourceTree = "<group>"; };
		833A3C091D75D4280071B992 /* FoodTrackerTests.xctest */ = {isa = PBXFileReference; explicitFileType = wrapper.cfbundle; includeInIndex = 0; path = FoodTrackerTests.xctest; sourceTree = BUILT_PRODUCTS_DIR; };
		833A3C0F1D75D4280071B992 /* Info.plist */ = {isa = PBXFileReference; lastKnownFileType = text.plist.xml; path = Info.plist; sourceTree = "<group>"; };
		833FB1A51D784EB800A83F53 /* Assets.xcassets */ = {isa = PBXFileReference; lastKnownFileType = folder.assetcatalog; path = Assets.xcassets; sourceTree = "<group>"; };
		833FB1A71D787CD700A83F53 /* RatingControl.swift */ = {isa = PBXFileReference; fileEncoding = 4; lastKnownFileType = sourcecode.swift; path = RatingControl.swift; sourceTree = "<group>"; };
/* End PBXFileReference section */

/* Begin PBXFrameworksBuildPhase section */
		833A3BF21D75D4270071B992 /* Frameworks */ = {
			isa = PBXFrameworksBuildPhase;
			buildActionMask = 2147483647;
			files = (
			);
			runOnlyForDeploymentPostprocessing = 0;
		};
		833A3C061D75D4280071B992 /* Frameworks */ = {
			isa = PBXFrameworksBuildPhase;
			buildActionMask = 2147483647;
			files = (
			);
			runOnlyForDeploymentPostprocessing = 0;
		};
/* End PBXFrameworksBuildPhase section */

/* Begin PBXGroup section */
		833A3BEC1D75D4270071B992 = {
			isa = PBXGroup;
			children = (
				833A3BF71D75D4270071B992 /* FoodTracker */,
				833A3C0C1D75D4280071B992 /* FoodTrackerTests */,
				833A3BF61D75D4270071B992 /* Products */,
			);
			sourceTree = "<group>";
		};
		833A3BF61D75D4270071B992 /* Products */ = {
			isa = PBXGroup;
			children = (
				833A3BF51D75D4270071B992 /* FoodTracker.app */,
				833A3C091D75D4280071B992 /* FoodTrackerTests.xctest */,
			);
			name = Products;
			sourceTree = "<group>";
		};
		833A3BF71D75D4270071B992 /* FoodTracker */ = {
			isa = PBXGroup;
			children = (
				833A3BF81D75D4270071B992 /* AppDelegate.swift */,
				833A3BFA1D75D4270071B992 /* ViewController.swift */,
				833FB1A71D787CD700A83F53 /* RatingControl.swift */,
				833FB1A51D784EB800A83F53 /* Assets.xcassets */,
				833A3BFC1D75D4270071B992 /* Main.storyboard */,
				833A3C011D75D4270071B992 /* LaunchScreen.storyboard */,
				833A3C041D75D4270071B992 /* Info.plist */,
				83395DDE1D7DAB4500D5A792 /* Meal.swift */,
			);
			path = FoodTracker;
			sourceTree = "<group>";
		};
		833A3C0C1D75D4280071B992 /* FoodTrackerTests */ = {
			isa = PBXGroup;
			children = (
				833A3C0F1D75D4280071B992 /* Info.plist */,
				83395DE11D7DAC9700D5A792 /* FoodTrackerTests.swift */,
			);
			path = FoodTrackerTests;
			sourceTree = "<group>";
		};
/* End PBXGroup section */

/* Begin PBXNativeTarget section */
		833A3BF41D75D4270071B992 /* FoodTracker */ = {
			isa = PBXNativeTarget;
			buildConfigurationList = 833A3C121D75D4280071B992 /* Build configuration list for PBXNativeTarget "FoodTracker" */;
			buildPhases = (
				833A3BF11D75D4270071B992 /* Sources */,
				833A3BF21D75D4270071B992 /* Frameworks */,
				833A3BF31D75D4270071B992 /* Resources */,
			);
			buildRules = (
			);
			dependencies = (
			);
			name = FoodTracker;
			productName = FoodTracker;
			productReference = 833A3BF51D75D4270071B992 /* FoodTracker.app */;
			productType = "com.apple.product-type.application";
		};
		833A3C081D75D4280071B992 /* FoodTrackerTests */ = {
			isa = PBXNativeTarget;
			buildConfigurationList = 833A3C151D75D4280071B992 /* Build configuration list for PBXNativeTarget "FoodTrackerTests" */;
			buildPhases = (
				833A3C051D75D4280071B992 /* Sources */,
				833A3C061D75D4280071B992 /* Frameworks */,
				833A3C071D75D4280071B992 /* Resources */,
			);
			buildRules = (
			);
			dependencies = (
				833A3C0B1D75D4280071B992 /* PBXTargetDependency */,
			);
			name = FoodTrackerTests;
			productName = FoodTrackerTests;
			productReference = 833A3C091D75D4280071B992 /* FoodTrackerTests.xctest */;
			productType = "com.apple.product-type.bundle.unit-test";
		};
/* End PBXNativeTarget section */

/* Begin PBXProject section */
		833A3BED1D75D4270071B992 /* Project object */ = {
			isa = PBXProject;
			attributes = {
				LastSwiftUpdateCheck = 0730;
				LastUpgradeCheck = 0730;
				ORGANIZATIONNAME = LeeJuYong;
				TargetAttributes = {
					833A3BF41D75D4270071B992 = {
						CreatedOnToolsVersion = 7.3.1;
						DevelopmentTeam = 42UJVG7KR4;
					};
					833A3C081D75D4280071B992 = {
						CreatedOnToolsVersion = 7.3.1;
						DevelopmentTeam = 42UJVG7KR4;
						TestTargetID = 833A3BF41D75D4270071B992;
					};
				};
			};
			buildConfigurationList = 833A3BF01D75D4270071B992 /* Build configuration list for PBXProject "FoodTracker" */;
			compatibilityVersion = "Xcode 3.2";
			developmentRegion = English;
			hasScannedForEncodings = 0;
			knownRegions = (
				en,
				Base,
			);
			mainGroup = 833A3BEC1D75D4270071B992;
			productRefGroup = 833A3BF61D75D4270071B992 /* Products */;
			projectDirPath = "";
			projectRoot = "";
			targets = (
				833A3BF41D75D4270071B992 /* FoodTracker */,
				833A3C081D75D4280071B992 /* FoodTrackerTests */,
			);
		};
/* End PBXProject section */

/* Begin PBXResourcesBuildPhase section */
		833A3BF31D75D4270071B992 /* Resources */ = {
			isa = PBXResourcesBuildPhase;
			buildActionMask = 2147483647;
			files = (
				833A3C031D75D4270071B992 /* LaunchScreen.storyboard in Resources */,
				833FB1A61D784EB800A83F53 /* Assets.xcassets in Resources */,
				833A3BFE1D75D4270071B992 /* Main.storyboard in Resources */,
			);
			runOnlyForDeploymentPostprocessing = 0;
		};
		833A3C071D75D4280071B992 /* Resources */ = {
			isa = PBXResourcesBuildPhase;
			buildActionMask = 2147483647;
			files = (
			);
			runOnlyForDeploymentPostprocessing = 0;
		};
/* End PBXResourcesBuildPhase section */

/* Begin PBXSourcesBuildPhase section */
		833A3BF11D75D4270071B992 /* Sources */ = {
			isa = PBXSourcesBuildPhase;
			buildActionMask = 2147483647;
			files = (
				83395DDF1D7DAB4500D5A792 /* Meal.swift in Sources */,
				833A3BFB1D75D4270071B992 /* ViewController.swift in Sources */,
				833FB1A81D787CD700A83F53 /* RatingControl.swift in Sources */,
				833A3BF91D75D4270071B992 /* AppDelegate.swift in Sources */,
			);
			runOnlyForDeploymentPostprocessing = 0;
		};
		833A3C051D75D4280071B992 /* Sources */ = {
			isa = PBXSourcesBuildPhase;
			buildActionMask = 2147483647;
			files = (
				83395DE21D7DAC9700D5A792 /* FoodTrackerTests.swift in Sources */,
				83395DE01D7DAB4500D5A792 /* Meal.swift in Sources */,
			);
			runOnlyForDeploymentPostprocessing = 0;
		};
/* End PBXSourcesBuildPhase section */

/* Begin PBXTargetDependency section */
		833A3C0B1D75D4280071B992 /* PBXTargetDependency */ = {
			isa = PBXTargetDependency;
			target = 833A3BF41D75D4270071B992 /* FoodTracker */;
			targetProxy = 833A3C0A1D75D4280071B992 /* PBXContainerItemProxy */;
		};
/* End PBXTargetDependency section */

/* Begin PBXVariantGroup section */
		833A3BFC1D75D4270071B992 /* Main.storyboard */ = {
			isa = PBXVariantGroup;
			children = (
				833A3BFD1D75D4270071B992 /* Base */,
			);
			name = Main.storyboard;
			sourceTree = "<group>";
		};
		833A3C011D75D4270071B992 /* LaunchScreen.storyboard */ = {
			isa = PBXVariantGroup;
			children = (
				833A3C021D75D4270071B992 /* Base */,
			);
			name = LaunchScreen.storyboard;
			sourceTree = "<group>";
		};
/* End PBXVariantGroup section */

/* Begin XCBuildConfiguration section */
		833A3C101D75D4280071B992 /* Debug */ = {
			isa = XCBuildConfiguration;
			buildSettings = {
				ALWAYS_SEARCH_USER_PATHS = NO;
				CLANG_ANALYZER_NONNULL = YES;
				CLANG_CXX_LANGUAGE_STANDARD = "gnu++0x";
				CLANG_CXX_LIBRARY = "libc++";
				CLANG_ENABLE_MODULES = YES;
				CLANG_ENABLE_OBJC_ARC = YES;
				CLANG_WARN_BOOL_CONVERSION = YES;
				CLANG_WARN_CONSTANT_CONVERSION = YES;
				CLANG_WARN_DIRECT_OBJC_ISA_USAGE = YES_ERROR;
				CLANG_WARN_EMPTY_BODY = YES;
				CLANG_WARN_ENUM_CONVERSION = YES;
				CLANG_WARN_INT_CONVERSION = YES;
				CLANG_WARN_OBJC_ROOT_CLASS = YES_ERROR;
				CLANG_WARN_UNREACHABLE_CODE = YES;
				CLANG_WARN__DUPLICATE_METHOD_MATCH = YES;
				"CODE_SIGN_IDENTITY[sdk=iphoneos*]" = "iPhone Developer";
				COPY_PHASE_STRIP = NO;
				DEBUG_INFORMATION_FORMAT = dwarf;
				ENABLE_STRICT_OBJC_MSGSEND = YES;
				ENABLE_TESTABILITY = YES;
				GCC_C_LANGUAGE_STANDARD = gnu99;
				GCC_DYNAMIC_NO_PIC = NO;
				GCC_NO_COMMON_BLOCKS = YES;
				GCC_OPTIMIZATION_LEVEL = 0;
				GCC_PREPROCESSOR_DEFINITIONS = (
					"DEBUG=1",
					"$(inherited)",
				);
				GCC_WARN_64_TO_32_BIT_CONVERSION = YES;
				GCC_WARN_ABOUT_RETURN_TYPE = YES_ERROR;
				GCC_WARN_UNDECLARED_SELECTOR = YES;
				GCC_WARN_UNINITIALIZED_AUTOS = YES_AGGRESSIVE;
				GCC_WARN_UNUSED_FUNCTION = YES;
				GCC_WARN_UNUSED_VARIABLE = YES;
				IPHONEOS_DEPLOYMENT_TARGET = 9.3;
				MTL_ENABLE_DEBUG_INFO = YES;
				ONLY_ACTIVE_ARCH = YES;
				SDKROOT = iphoneos;
				SWIFT_OPTIMIZATION_LEVEL = "-Onone";
				TARGETED_DEVICE_FAMILY = "1,2";
			};
			name = Debug;
		};
		833A3C111D75D4280071B992 /* Release */ = {
			isa = XCBuildConfiguration;
			buildSettings = {
				ALWAYS_SEARCH_USER_PATHS = NO;
				CLANG_ANALYZER_NONNULL = YES;
				CLANG_CXX_LANGUAGE_STANDARD = "gnu++0x";
				CLANG_CXX_LIBRARY = "libc++";
				CLANG_ENABLE_MODULES = YES;
				CLANG_ENABLE_OBJC_ARC = YES;
				CLANG_WARN_BOOL_CONVERSION = YES;
				CLANG_WARN_CONSTANT_CONVERSION = YES;
				CLANG_WARN_DIRECT_OBJC_ISA_USAGE = YES_ERROR;
				CLANG_WARN_EMPTY_BODY = YES;
				CLANG_WARN_ENUM_CONVERSION = YES;
				CLANG_WARN_INT_CONVERSION = YES;
				CLANG_WARN_OBJC_ROOT_CLASS = YES_ERROR;
				CLANG_WARN_UNREACHABLE_CODE = YES;
				CLANG_WARN__DUPLICATE_METHOD_MATCH = YES;
				"CODE_SIGN_IDENTITY[sdk=iphoneos*]" = "iPhone Developer";
				COPY_PHASE_STRIP = NO;
				DEBUG_INFORMATION_FORMAT = "dwarf-with-dsym";
				ENABLE_NS_ASSERTIONS = NO;
				ENABLE_STRICT_OBJC_MSGSEND = YES;
				GCC_C_LANGUAGE_STANDARD = gnu99;
				GCC_NO_COMMON_BLOCKS = YES;
				GCC_WARN_64_TO_32_BIT_CONVERSION = YES;
				GCC_WARN_ABOUT_RETURN_TYPE = YES_ERROR;
				GCC_WARN_UNDECLARED_SELECTOR = YES;
				GCC_WARN_UNINITIALIZED_AUTOS = YES_AGGRESSIVE;
				GCC_WARN_UNUSED_FUNCTION = YES;
				GCC_WARN_UNUSED_VARIABLE = YES;
				IPHONEOS_DEPLOYMENT_TARGET = 9.3;
				MTL_ENABLE_DEBUG_INFO = NO;
				SDKROOT = iphoneos;
				TARGETED_DEVICE_FAMILY = "1,2";
				VALIDATE_PRODUCT = YES;
			};
			name = Release;
		};
		833A3C131D75D4280071B992 /* Debug */ = {
			isa = XCBuildConfiguration;
			buildSettings = {
				ASSETCATALOG_COMPILER_APPICON_NAME = AppIcon;
				CODE_SIGN_IDENTITY = "iPhone Developer";
				INFOPLIST_FILE = FoodTracker/Info.plist;
				LD_RUNPATH_SEARCH_PATHS = "$(inherited) @executable_path/Frameworks";
				PRODUCT_BUNDLE_IDENTIFIER = com.JYLCorporation.FoodTracker;
				PRODUCT_NAME = "$(TARGET_NAME)";
			};
			name = Debug;
		};
		833A3C141D75D4280071B992 /* Release */ = {
			isa = XCBuildConfiguration;
			buildSettings = {
				ASSETCATALOG_COMPILER_APPICON_NAME = AppIcon;
				CODE_SIGN_IDENTITY = "iPhone Developer";
				INFOPLIST_FILE = FoodTracker/Info.plist;
				LD_RUNPATH_SEARCH_PATHS = "$(inherited) @executable_path/Frameworks";
				PRODUCT_BUNDLE_IDENTIFIER = com.JYLCorporation.FoodTracker;
				PRODUCT_NAME = "$(TARGET_NAME)";
			};
			name = Release;
		};
		833A3C161D75D4280071B992 /* Debug */ = {
			isa = XCBuildConfiguration;
			buildSettings = {
				BUNDLE_LOADER = "$(TEST_HOST)";
				INFOPLIST_FILE = FoodTrackerTests/Info.plist;
				LD_RUNPATH_SEARCH_PATHS = "$(inherited) @executable_path/Frameworks @loader_path/Frameworks";
				PRODUCT_BUNDLE_IDENTIFIER = com.JYLCorporation.FoodTrackerTests;
				PRODUCT_NAME = "$(TARGET_NAME)";
				TEST_HOST = "$(BUILT_PRODUCTS_DIR)/FoodTracker.app/FoodTracker";
			};
			name = Debug;
		};
		833A3C171D75D4280071B992 /* Release */ = {
			isa = XCBuildConfiguration;
			buildSettings = {
				BUNDLE_LOADER = "$(TEST_HOST)";
				INFOPLIST_FILE = FoodTrackerTests/Info.plist;
				LD_RUNPATH_SEARCH_PATHS = "$(inherited) @executable_path/Frameworks @loader_path/Frameworks";
				PRODUCT_BUNDLE_IDENTIFIER = com.JYLCorporation.FoodTrackerTests;
				PRODUCT_NAME = "$(TARGET_NAME)";
				TEST_HOST = "$(BUILT_PRODUCTS_DIR)/FoodTracker.app/FoodTracker";
			};
			name = Release;
		};
/* End XCBuildConfiguration section */

/* Begin XCConfigurationList section */
		833A3BF01D75D4270071B992 /* Build configuration list for PBXProject "FoodTracker" */ = {
			isa = XCConfigurationList;
			buildConfigurations = (
				833A3C101D75D4280071B992 /* Debug */,
				833A3C111D75D4280071B992 /* Release */,
			);
			defaultConfigurationIsVisible = 0;
			defaultConfigurationName = Release;
		};
		833A3C121D75D4280071B992 /* Build configuration list for PBXNativeTarget "FoodTracker" */ = {
			isa = XCConfigurationList;
			buildConfigurations = (
				833A3C131D75D4280071B992 /* Debug */,
				833A3C141D75D4280071B992 /* Release */,
			);
			defaultConfigurationIsVisible = 0;
			defaultConfigurationName = Release;
		};
		833A3C151D75D4280071B992 /* Build configuration list for PBXNativeTarget "FoodTrackerTests" */ = {
			isa = XCConfigurationList;
			buildConfigurations = (
				833A3C161D75D4280071B992 /* Debug */,
				833A3C171D75D4280071B992 /* Release */,
			);
			defaultConfigurationIsVisible = 0;
			defaultConfigurationName = Release;
		};
/* End XCConfigurationList section */
	};
	rootObject = 833A3BED1D75D4270071B992 /* Project object */;
}
